
Microsoft Visual Studio Solution File, Format Version 12.00
# Visual Studio Version 17
VisualStudioVersion = 17.9.34723.18
MinimumVisualStudioVersion = 10.0.40219.1
Project("{FAE04EC0-301F-11D3-BF4B-00C04F79EFBC}") = "ProjectLCore", "ProjectLCore\ProjectLCore.csproj", "{32897665-0A2F-6092-98AD-DC47137E3335}"
EndProject
Project("{FAE04EC0-301F-11D3-BF4B-00C04F79EFBC}") = "AIPlayerSimulation", "AIPlayerSimulation\AIPlayerSimulation.csproj", "{43A51EFC-2341-4C23-9CDA-E4754319E83F}"
EndProject
Project("{FAE04EC0-301F-11D3-BF4B-00C04F79EFBC}") = "AIPlayerExample", "AIPlayerExample\AIPlayerExample.csproj", "{DFAEB64B-9B65-43DC-97C9-0D77424FBADE}"
EndProject
Global
	GlobalSection(SolutionConfigurationPlatforms) = preSolution
		Debug|Any CPU = Debug|Any CPU
		Release|Any CPU = Release|Any CPU
	EndGlobalSection
	GlobalSection(ProjectConfigurationPlatforms) = postSolution
		{32897665-0A2F-6092-98AD-DC47137E3335}.Debug|Any CPU.ActiveCfg = Debug|Any CPU
		{32897665-0A2F-6092-98AD-DC47137E3335}.Debug|Any CPU.Build.0 = Debug|Any CPU
		{32897665-0A2F-6092-98AD-DC47137E3335}.Release|Any CPU.ActiveCfg = Release|Any CPU
		{32897665-0A2F-6092-98AD-DC47137E3335}.Release|Any CPU.Build.0 = Release|Any CPU
		{43A51EFC-2341-4C23-9CDA-E4754319E83F}.Debug|Any CPU.ActiveCfg = Debug|Any CPU
		{43A51EFC-2341-4C23-9CDA-E4754319E83F}.Debug|Any CPU.Build.0 = Debug|Any CPU
		{43A51EFC-2341-4C23-9CDA-E4754319E83F}.Release|Any CPU.ActiveCfg = Release|Any CPU
		{43A51EFC-2341-4C23-9CDA-E4754319E83F}.Release|Any CPU.Build.0 = Release|Any CPU
		{DFAEB64B-9B65-43DC-97C9-0D77424FBADE}.Debug|Any CPU.ActiveCfg = Debug|Any CPU
		{DFAEB64B-9B65-43DC-97C9-0D77424FBADE}.Debug|Any CPU.Build.0 = Debug|Any CPU
		{DFAEB64B-9B65-43DC-97C9-0D77424FBADE}.Release|Any CPU.ActiveCfg = Release|Any CPU
		{DFAEB64B-9B65-43DC-97C9-0D77424FBADE}.Release|Any CPU.Build.0 = Release|Any CPU
	EndGlobalSection
	GlobalSection(SolutionProperties) = preSolution
		HideSolutionNode = FALSE
	EndGlobalSection
	GlobalSection(ExtensibilityGlobals) = postSolution
		SolutionGuid = {9E6889B0-F06D-43ED-9DBE-E2A914F73AE4}
	EndGlobalSection
EndGlobal
